
Microsoft Visual Studio Solution File, Format Version 12.00
# Visual Studio 14
VisualStudioVersion = 14.0.25420.1
MinimumVisualStudioVersion = 10.0.40219.1
Project("{FAE04EC0-301F-11D3-BF4B-00C04F79EFBC}") = "P5_2_1204007", "P5_2_1204007\P5_2_1204007.csproj", "{307FFE34-92C3-4811-93B5-FB910AC66313}"
EndProject
Project("{FAE04EC0-301F-11D3-BF4B-00C04F79EFBC}") = "P5_2_1204007_TestClock", "P5_2_1204007_TestClock\P5_2_1204007_TestClock.csproj", "{D3DDB13C-FCBA-4863-BE64-BAAFF732FFD3}"
EndProject
Global
	GlobalSection(SolutionConfigurationPlatforms) = preSolution
		Debug|Any CPU = Debug|Any CPU
		Release|Any CPU = Release|Any CPU
	EndGlobalSection
	GlobalSection(ProjectConfigurationPlatforms) = postSolution
		{307FFE34-92C3-4811-93B5-FB910AC66313}.Debug|Any CPU.ActiveCfg = Debug|Any CPU
		{307FFE34-92C3-4811-93B5-FB910AC66313}.Debug|Any CPU.Build.0 = Debug|Any CPU
		{307FFE34-92C3-4811-93B5-FB910AC66313}.Release|Any CPU.ActiveCfg = Release|Any CPU
		{307FFE34-92C3-4811-93B5-FB910AC66313}.Release|Any CPU.Build.0 = Release|Any CPU
		{D3DDB13C-FCBA-4863-BE64-BAAFF732FFD3}.Debug|Any CPU.ActiveCfg = Debug|Any CPU
		{D3DDB13C-FCBA-4863-BE64-BAAFF732FFD3}.Debug|Any CPU.Build.0 = Debug|Any CPU
		{D3DDB13C-FCBA-4863-BE64-BAAFF732FFD3}.Release|Any CPU.ActiveCfg = Release|Any CPU
		{D3DDB13C-FCBA-4863-BE64-BAAFF732FFD3}.Release|Any CPU.Build.0 = Release|Any CPU
	EndGlobalSection
	GlobalSection(SolutionProperties) = preSolution
		HideSolutionNode = FALSE
	EndGlobalSection
EndGlobal
