
Microsoft Visual Studio Solution File, Format Version 12.00
# Visual Studio 14
VisualStudioVersion = 14.0.25420.1
MinimumVisualStudioVersion = 10.0.40219.1
Project("{FAE04EC0-301F-11D3-BF4B-00C04F79EFBC}") = "P5_3_1204007", "P5_3_1204007\P5_3_1204007.csproj", "{2BC34446-1F98-411C-A7BD-9FDF77C677FA}"
EndProject
Project("{FAE04EC0-301F-11D3-BF4B-00C04F79EFBC}") = "P5_3_1204007_Form", "P5_3_1204007_Form\P5_3_1204007_Form.csproj", "{BECD9ACF-7280-4E4E-94CD-EC6EE00E6890}"
EndProject
Global
	GlobalSection(SolutionConfigurationPlatforms) = preSolution
		Debug|Any CPU = Debug|Any CPU
		Release|Any CPU = Release|Any CPU
	EndGlobalSection
	GlobalSection(ProjectConfigurationPlatforms) = postSolution
		{2BC34446-1F98-411C-A7BD-9FDF77C677FA}.Debug|Any CPU.ActiveCfg = Debug|Any CPU
		{2BC34446-1F98-411C-A7BD-9FDF77C677FA}.Debug|Any CPU.Build.0 = Debug|Any CPU
		{2BC34446-1F98-411C-A7BD-9FDF77C677FA}.Release|Any CPU.ActiveCfg = Release|Any CPU
		{2BC34446-1F98-411C-A7BD-9FDF77C677FA}.Release|Any CPU.Build.0 = Release|Any CPU
		{BECD9ACF-7280-4E4E-94CD-EC6EE00E6890}.Debug|Any CPU.ActiveCfg = Debug|Any CPU
		{BECD9ACF-7280-4E4E-94CD-EC6EE00E6890}.Debug|Any CPU.Build.0 = Debug|Any CPU
		{BECD9ACF-7280-4E4E-94CD-EC6EE00E6890}.Release|Any CPU.ActiveCfg = Release|Any CPU
		{BECD9ACF-7280-4E4E-94CD-EC6EE00E6890}.Release|Any CPU.Build.0 = Release|Any CPU
	EndGlobalSection
	GlobalSection(SolutionProperties) = preSolution
		HideSolutionNode = FALSE
	EndGlobalSection
EndGlobal
